
Microsoft Visual Studio Solution File, Format Version 12.00
# Visual Studio Version 17
VisualStudioVersion = 17.9.34701.34
MinimumVisualStudioVersion = 10.0.40219.1
Project("{FAE04EC0-301F-11D3-BF4B-00C04F79EFBC}") = "StateMachines", "StateMachines\StateMachines.csproj", "{F29CF72E-DA77-4095-A56C-3A2D458F2D1A}"
EndProject
Global
	GlobalSection(SolutionConfigurationPlatforms) = preSolution
		Debug|Any CPU = Debug|Any CPU
		Release|Any CPU = Release|Any CPU
	EndGlobalSection
	GlobalSection(ProjectConfigurationPlatforms) = postSolution
		{F29CF72E-DA77-4095-A56C-3A2D458F2D1A}.Debug|Any CPU.ActiveCfg = Debug|Any CPU
		{F29CF72E-DA77-4095-A56C-3A2D458F2D1A}.Debug|Any CPU.Build.0 = Debug|Any CPU
		{F29CF72E-DA77-4095-A56C-3A2D458F2D1A}.Release|Any CPU.ActiveCfg = Release|Any CPU
		{F29CF72E-DA77-4095-A56C-3A2D458F2D1A}.Release|Any CPU.Build.0 = Release|Any CPU
	EndGlobalSection
	GlobalSection(SolutionProperties) = preSolution
		HideSolutionNode = FALSE
	EndGlobalSection
	GlobalSection(ExtensibilityGlobals) = postSolution
		SolutionGuid = {85E7486E-97FE-4107-9B6D-E9515DC4B487}
	EndGlobalSection
EndGlobal
